
Microsoft Visual Studio Solution File, Format Version 12.00
# Visual Studio Version 17
VisualStudioVersion = 17.3.32819.101
MinimumVisualStudioVersion = 10.0.40219.1
Project("{FAE04EC0-301F-11D3-BF4B-00C04F79EFBC}") = "CollectionDemo", "CollectionDemo.csproj", "{FE91CD47-6C18-4B53-959D-A84A7C92EAA8}"
EndProject
Global
	GlobalSection(SolutionConfigurationPlatforms) = preSolution
		Debug|Any CPU = Debug|Any CPU
		Release|Any CPU = Release|Any CPU
	EndGlobalSection
	GlobalSection(ProjectConfigurationPlatforms) = postSolution
		{FE91CD47-6C18-4B53-959D-A84A7C92EAA8}.Debug|Any CPU.ActiveCfg = Debug|Any CPU
		{FE91CD47-6C18-4B53-959D-A84A7C92EAA8}.Debug|Any CPU.Build.0 = Debug|Any CPU
		{FE91CD47-6C18-4B53-959D-A84A7C92EAA8}.Release|Any CPU.ActiveCfg = Release|Any CPU
		{FE91CD47-6C18-4B53-959D-A84A7C92EAA8}.Release|Any CPU.Build.0 = Release|Any CPU
	EndGlobalSection
	GlobalSection(SolutionProperties) = preSolution
		HideSolutionNode = FALSE
	EndGlobalSection
	GlobalSection(ExtensibilityGlobals) = postSolution
		SolutionGuid = {20C4091D-0235-4C78-999D-8CE1F1046B45}
	EndGlobalSection
EndGlobal
